// !$*UTF8*$!
{
	archiveVersion = 1;
	classes = {
	};
	objectVersion = 50;
	objects = {

/* Begin PBXBuildFile section */
		3981EDC197C57FCD68771E17 /* Pods_iOS_Flickr_DEMO.framework in Frameworks */ = {isa = PBXBuildFile; fileRef = C0D1939012C7A8274A4B6143 /* Pods_iOS_Flickr_DEMO.framework */; };
		AD1133CB222F288700DAE3DB /* Models.swift in Sources */ = {isa = PBXBuildFile; fileRef = AD1133CA222F288700DAE3DB /* Models.swift */; };
		ADF4EBC1222E9D0600BA3091 /* AppDelegate.swift in Sources */ = {isa = PBXBuildFile; fileRef = ADF4EBC0222E9D0600BA3091 /* AppDelegate.swift */; };
		ADF4EBC3222E9D0600BA3091 /* ResultViewController.swift in Sources */ = {isa = PBXBuildFile; fileRef = ADF4EBC2222E9D0600BA3091 /* ResultViewController.swift */; };
		ADF4EBC6222E9D0600BA3091 /* Main.storyboard in Resources */ = {isa = PBXBuildFile; fileRef = ADF4EBC4222E9D0600BA3091 /* Main.storyboard */; };
		ADF4EBC8222E9D0800BA3091 /* Assets.xcassets in Resources */ = {isa = PBXBuildFile; fileRef = ADF4EBC7222E9D0800BA3091 /* Assets.xcassets */; };
		ADF4EBCB222E9D0800BA3091 /* LaunchScreen.storyboard in Resources */ = {isa = PBXBuildFile; fileRef = ADF4EBC9222E9D0800BA3091 /* LaunchScreen.storyboard */; };
		ADF4EBD4222EA31C00BA3091 /* PhotoCell.swift in Sources */ = {isa = PBXBuildFile; fileRef = ADF4EBD2222EA31C00BA3091 /* PhotoCell.swift */; };
		ADF4EBD5222EA31C00BA3091 /* PhotoCell.xib in Resources */ = {isa = PBXBuildFile; fileRef = ADF4EBD3222EA31C00BA3091 /* PhotoCell.xib */; };
		ADF4EBD7222EA78800BA3091 /* SearchViewController.swift in Sources */ = {isa = PBXBuildFile; fileRef = ADF4EBD6222EA78800BA3091 /* SearchViewController.swift */; };
		ADF4EBD9222EA7A300BA3091 /* FavViewController.swift in Sources */ = {isa = PBXBuildFile; fileRef = ADF4EBD8222EA7A300BA3091 /* FavViewController.swift */; };
/* End PBXBuildFile section */

/* Begin PBXFileReference section */
		71AD9F8F9880379F0FB68DC5 /* Pods-iOS_Flickr_DEMO.release.xcconfig */ = {isa = PBXFileReference; includeInIndex = 1; lastKnownFileType = text.xcconfig; name = "Pods-iOS_Flickr_DEMO.release.xcconfig"; path = "Pods/Target Support Files/Pods-iOS_Flickr_DEMO/Pods-iOS_Flickr_DEMO.release.xcconfig"; sourceTree = "<group>"; };
		AD1133CA222F288700DAE3DB /* Models.swift */ = {isa = PBXFileReference; lastKnownFileType = sourcecode.swift; path = Models.swift; sourceTree = "<group>"; };
		ADF4EBBD222E9D0600BA3091 /* iOS_Flickr_DEMO.app */ = {isa = PBXFileReference; explicitFileType = wrapper.application; includeInIndex = 0; path = iOS_Flickr_DEMO.app; sourceTree = BUILT_PRODUCTS_DIR; };
		ADF4EBC0222E9D0600BA3091 /* AppDelegate.swift */ = {isa = PBXFileReference; lastKnownFileType = sourcecode.swift; path = AppDelegate.swift; sourceTree = "<group>"; };
		ADF4EBC2222E9D0600BA3091 /* ResultViewController.swift */ = {isa = PBXFileReference; lastKnownFileType = sourcecode.swift; path = ResultViewController.swift; sourceTree = "<group>"; };
		ADF4EBC5222E9D0600BA3091 /* Base */ = {isa = PBXFileReference; lastKnownFileType = file.storyboard; name = Base; path = Base.lproj/Main.storyboard; sourceTree = "<group>"; };
		ADF4EBC7222E9D0800BA3091 /* Assets.xcassets */ = {isa = PBXFileReference; lastKnownFileType = folder.assetcatalog; path = Assets.xcassets; sourceTree = "<group>"; };
		ADF4EBCA222E9D0800BA3091 /* Base */ = {isa = PBXFileReference; lastKnownFileType = file.storyboard; name = Base; path = Base.lproj/LaunchScreen.storyboard; sourceTree = "<group>"; };
		ADF4EBCC222E9D0800BA3091 /* Info.plist */ = {isa = PBXFileReference; lastKnownFileType = text.plist.xml; path = Info.plist; sourceTree = "<group>"; };
		ADF4EBD2222EA31C00BA3091 /* PhotoCell.swift */ = {isa = PBXFileReference; lastKnownFileType = sourcecode.swift; path = PhotoCell.swift; sourceTree = "<group>"; };
		ADF4EBD3222EA31C00BA3091 /* PhotoCell.xib */ = {isa = PBXFileReference; lastKnownFileType = file.xib; path = PhotoCell.xib; sourceTree = "<group>"; };
		ADF4EBD6222EA78800BA3091 /* SearchViewController.swift */ = {isa = PBXFileReference; lastKnownFileType = sourcecode.swift; path = SearchViewController.swift; sourceTree = "<group>"; };
		ADF4EBD8222EA7A300BA3091 /* FavViewController.swift */ = {isa = PBXFileReference; lastKnownFileType = sourcecode.swift; path = FavViewController.swift; sourceTree = "<group>"; };
		BCB2D69FE0FA1D9F46E69ADB /* Pods-iOS_Flickr_DEMO.debug.xcconfig */ = {isa = PBXFileReference; includeInIndex = 1; lastKnownFileType = text.xcconfig; name = "Pods-iOS_Flickr_DEMO.debug.xcconfig"; path = "Pods/Target Support Files/Pods-iOS_Flickr_DEMO/Pods-iOS_Flickr_DEMO.debug.xcconfig"; sourceTree = "<group>"; };
		C0D1939012C7A8274A4B6143 /* Pods_iOS_Flickr_DEMO.framework */ = {isa = PBXFileReference; explicitFileType = wrapper.framework; includeInIndex = 0; path = Pods_iOS_Flickr_DEMO.framework; sourceTree = BUILT_PRODUCTS_DIR; };
/* End PBXFileReference section */

/* Begin PBXFrameworksBuildPhase section */
		ADF4EBBA222E9D0600BA3091 /* Frameworks */ = {
			isa = PBXFrameworksBuildPhase;
			buildActionMask = 2147483647;
			files = (
				3981EDC197C57FCD68771E17 /* Pods_iOS_Flickr_DEMO.framework in Frameworks */,
			);
			runOnlyForDeploymentPostprocessing = 0;
		};
/* End PBXFrameworksBuildPhase section */

/* Begin PBXGroup section */
		35B4C44EDBB557750FC31DCD /* Pods */ = {
			isa = PBXGroup;
			children = (
				BCB2D69FE0FA1D9F46E69ADB /* Pods-iOS_Flickr_DEMO.debug.xcconfig */,
				71AD9F8F9880379F0FB68DC5 /* Pods-iOS_Flickr_DEMO.release.xcconfig */,
			);
			name = Pods;
			sourceTree = "<group>";
		};
		ADF4EBB4222E9D0600BA3091 = {
			isa = PBXGroup;
			children = (
				ADF4EBBF222E9D0600BA3091 /* iOS_Flickr_DEMO */,
				ADF4EBBE222E9D0600BA3091 /* Products */,
				35B4C44EDBB557750FC31DCD /* Pods */,
				B150B601FA44953A4408775F /* Frameworks */,
			);
			sourceTree = "<group>";
		};
		ADF4EBBE222E9D0600BA3091 /* Products */ = {
			isa = PBXGroup;
			children = (
				ADF4EBBD222E9D0600BA3091 /* iOS_Flickr_DEMO.app */,
			);
			name = Products;
			sourceTree = "<group>";
		};
		ADF4EBBF222E9D0600BA3091 /* iOS_Flickr_DEMO */ = {
			isa = PBXGroup;
			children = (
				ADF4EBC0222E9D0600BA3091 /* AppDelegate.swift */,
				ADF4EBC2222E9D0600BA3091 /* ResultViewController.swift */,
				ADF4EBD6222EA78800BA3091 /* SearchViewController.swift */,
				ADF4EBD8222EA7A300BA3091 /* FavViewController.swift */,
				ADF4EBC4222E9D0600BA3091 /* Main.storyboard */,
				ADF4EBC7222E9D0800BA3091 /* Assets.xcassets */,
				ADF4EBC9222E9D0800BA3091 /* LaunchScreen.storyboard */,
				ADF4EBCC222E9D0800BA3091 /* Info.plist */,
				ADF4EBD2222EA31C00BA3091 /* PhotoCell.swift */,
				ADF4EBD3222EA31C00BA3091 /* PhotoCell.xib */,
				AD1133CA222F288700DAE3DB /* Models.swift */,
			);
			path = iOS_Flickr_DEMO;
			sourceTree = "<group>";
		};
		B150B601FA44953A4408775F /* Frameworks */ = {
			isa = PBXGroup;
			children = (
				C0D1939012C7A8274A4B6143 /* Pods_iOS_Flickr_DEMO.framework */,
			);
			name = Frameworks;
			sourceTree = "<group>";
		};
/* End PBXGroup section */

/* Begin PBXNativeTarget section */
		ADF4EBBC222E9D0600BA3091 /* iOS_Flickr_DEMO */ = {
			isa = PBXNativeTarget;
			buildConfigurationList = ADF4EBCF222E9D0800BA3091 /* Build configuration list for PBXNativeTarget "iOS_Flickr_DEMO" */;
			buildPhases = (
				472E8625F9B65FFA0828FFD1 /* [CP] Check Pods Manifest.lock */,
				ADF4EBB9222E9D0600BA3091 /* Sources */,
				ADF4EBBA222E9D0600BA3091 /* Frameworks */,
				ADF4EBBB222E9D0600BA3091 /* Resources */,
				1B7880AE96B93CD3D6CDA6C4 /* [CP] Embed Pods Frameworks */,
			);
			buildRules = (
			);
			dependencies = (
			);
			name = iOS_Flickr_DEMO;
			productName = iOS_Flickr_DEMO;
			productReference = ADF4EBBD222E9D0600BA3091 /* iOS_Flickr_DEMO.app */;
			productType = "com.apple.product-type.application";
		};
/* End PBXNativeTarget section */

/* Begin PBXProject section */
		ADF4EBB5222E9D0600BA3091 /* Project object */ = {
			isa = PBXProject;
			attributes = {
				LastSwiftUpdateCheck = 1010;
				LastUpgradeCheck = 1010;
				ORGANIZATIONNAME = ZengSQi;
				TargetAttributes = {
					ADF4EBBC222E9D0600BA3091 = {
						CreatedOnToolsVersion = 10.1;
					};
				};
			};
			buildConfigurationList = ADF4EBB8222E9D0600BA3091 /* Build configuration list for PBXProject "iOS_Flickr_DEMO" */;
			compatibilityVersion = "Xcode 9.3";
			developmentRegion = en;
			hasScannedForEncodings = 0;
			knownRegions = (
				en,
				Base,
			);
			mainGroup = ADF4EBB4222E9D0600BA3091;
			productRefGroup = ADF4EBBE222E9D0600BA3091 /* Products */;
			projectDirPath = "";
			projectRoot = "";
			targets = (
				ADF4EBBC222E9D0600BA3091 /* iOS_Flickr_DEMO */,
			);
		};
/* End PBXProject section */

/* Begin PBXResourcesBuildPhase section */
		ADF4EBBB222E9D0600BA3091 /* Resources */ = {
			isa = PBXResourcesBuildPhase;
			buildActionMask = 2147483647;
			files = (
				ADF4EBD5222EA31C00BA3091 /* PhotoCell.xib in Resources */,
				ADF4EBCB222E9D0800BA3091 /* LaunchScreen.storyboard in Resources */,
				ADF4EBC8222E9D0800BA3091 /* Assets.xcassets in Resources */,
				ADF4EBC6222E9D0600BA3091 /* Main.storyboard in Resources */,
			);
			runOnlyForDeploymentPostprocessing = 0;
		};
/* End PBXResourcesBuildPhase section */

/* Begin PBXShellScriptBuildPhase section */
		1B7880AE96B93CD3D6CDA6C4 /* [CP] Embed Pods Frameworks */ = {
			isa = PBXShellScriptBuildPhase;
			buildActionMask = 2147483647;
			files = (
			);
			inputFileListPaths = (
			);
			inputPaths = (
				"${SRCROOT}/Pods/Target Support Files/Pods-iOS_Flickr_DEMO/Pods-iOS_Flickr_DEMO-frameworks.sh",
				"${BUILT_PRODUCTS_DIR}/Alamofire/Alamofire.framework",
				"${BUILT_PRODUCTS_DIR}/SDWebImage/SDWebImage.framework",
				"${BUILT_PRODUCTS_DIR}/SwiftyJSON/SwiftyJSON.framework",
			);
			name = "[CP] Embed Pods Frameworks";
			outputFileListPaths = (
			);
			outputPaths = (
				"${TARGET_BUILD_DIR}/${FRAMEWORKS_FOLDER_PATH}/Alamofire.framework",
				"${TARGET_BUILD_DIR}/${FRAMEWORKS_FOLDER_PATH}/SDWebImage.framework",
				"${TARGET_BUILD_DIR}/${FRAMEWORKS_FOLDER_PATH}/SwiftyJSON.framework",
			);
			runOnlyForDeploymentPostprocessing = 0;
			shellPath = /bin/sh;
			shellScript = "\"${SRCROOT}/Pods/Target Support Files/Pods-iOS_Flickr_DEMO/Pods-iOS_Flickr_DEMO-frameworks.sh\"\n";
			showEnvVarsInLog = 0;
		};
		472E8625F9B65FFA0828FFD1 /* [CP] Check Pods Manifest.lock */ = {
			isa = PBXShellScriptBuildPhase;
			buildActionMask = 2147483647;
			files = (
			);
			inputFileListPaths = (
			);
			inputPaths = (
				"${PODS_PODFILE_DIR_PATH}/Podfile.lock",
				"${PODS_ROOT}/Manifest.lock",
			);
			name = "[CP] Check Pods Manifest.lock";
			outputFileListPaths = (
			);
			outputPaths = (
				"$(DERIVED_FILE_DIR)/Pods-iOS_Flickr_DEMO-checkManifestLockResult.txt",
			);
			runOnlyForDeploymentPostprocessing = 0;
			shellPath = /bin/sh;
			shellScript = "diff \"${PODS_PODFILE_DIR_PATH}/Podfile.lock\" \"${PODS_ROOT}/Manifest.lock\" > /dev/null\nif [ $? != 0 ] ; then\n    # print error to STDERR\n    echo \"error: The sandbox is not in sync with the Podfile.lock. Run 'pod install' or update your CocoaPods installation.\" >&2\n    exit 1\nfi\n# This output is used by Xcode 'outputs' to avoid re-running this script phase.\necho \"SUCCESS\" > \"${SCRIPT_OUTPUT_FILE_0}\"\n";
			showEnvVarsInLog = 0;
		};
/* End PBXShellScriptBuildPhase section */

/* Begin PBXSourcesBuildPhase section */
		ADF4EBB9222E9D0600BA3091 /* Sources */ = {
			isa = PBXSourcesBuildPhase;
			buildActionMask = 2147483647;
			files = (
				ADF4EBC3222E9D0600BA3091 /* ResultViewController.swift in Sources */,
				ADF4EBD4222EA31C00BA3091 /* PhotoCell.swift in Sources */,
				ADF4EBD7222EA78800BA3091 /* SearchViewController.swift in Sources */,
				AD1133CB222F288700DAE3DB /* Models.swift in Sources */,
				ADF4EBD9222EA7A300BA3091 /* FavViewController.swift in Sources */,
				ADF4EBC1222E9D0600BA3091 /* AppDelegate.swift in Sources */,
			);
			runOnlyForDeploymentPostprocessing = 0;
		};
/* End PBXSourcesBuildPhase section */

/* Begin PBXVariantGroup section */
		ADF4EBC4222E9D0600BA3091 /* Main.storyboard */ = {
			isa = PBXVariantGroup;
			children = (
				ADF4EBC5222E9D0600BA3091 /* Base */,
			);
			name = Main.storyboard;
			sourceTree = "<group>";
		};
		ADF4EBC9222E9D0800BA3091 /* LaunchScreen.storyboard */ = {
			isa = PBXVariantGroup;
			children = (
				ADF4EBCA222E9D0800BA3091 /* Base */,
			);
			name = LaunchScreen.storyboard;
			sourceTree = "<group>";
		};
/* End PBXVariantGroup section */

/* Begin XCBuildConfiguration section */
		ADF4EBCD222E9D0800BA3091 /* Debug */ = {
			isa = XCBuildConfiguration;
			buildSettings = {
				ALWAYS_SEARCH_USER_PATHS = NO;
				CLANG_ANALYZER_NONNULL = YES;
				CLANG_ANALYZER_NUMBER_OBJECT_CONVERSION = YES_AGGRESSIVE;
				CLANG_CXX_LANGUAGE_STANDARD = "gnu++14";
				CLANG_CXX_LIBRARY = "libc++";
				CLANG_ENABLE_MODULES = YES;
				CLANG_ENABLE_OBJC_ARC = YES;
				CLANG_ENABLE_OBJC_WEAK = YES;
				CLANG_WARN_BLOCK_CAPTURE_AUTORELEASING = YES;
				CLANG_WARN_BOOL_CONVERSION = YES;
				CLANG_WARN_COMMA = YES;
				CLANG_WARN_CONSTANT_CONVERSION = YES;
				CLANG_WARN_DEPRECATED_OBJC_IMPLEMENTATIONS = YES;
				CLANG_WARN_DIRECT_OBJC_ISA_USAGE = YES_ERROR;
				CLANG_WARN_DOCUMENTATION_COMMENTS = YES;
				CLANG_WARN_EMPTY_BODY = YES;
				CLANG_WARN_ENUM_CONVERSION = YES;
				CLANG_WARN_INFINITE_RECURSION = YES;
				CLANG_WARN_INT_CONVERSION = YES;
				CLANG_WARN_NON_LITERAL_NULL_CONVERSION = YES;
				CLANG_WARN_OBJC_IMPLICIT_RETAIN_SELF = YES;
				CLANG_WARN_OBJC_LITERAL_CONVERSION = YES;
				CLANG_WARN_OBJC_ROOT_CLASS = YES_ERROR;
				CLANG_WARN_RANGE_LOOP_ANALYSIS = YES;
				CLANG_WARN_STRICT_PROTOTYPES = YES;
				CLANG_WARN_SUSPICIOUS_MOVE = YES;
				CLANG_WARN_UNGUARDED_AVAILABILITY = YES_AGGRESSIVE;
				CLANG_WARN_UNREACHABLE_CODE = YES;
				CLANG_WARN__DUPLICATE_METHOD_MATCH = YES;
				CODE_SIGN_IDENTITY = "iPhone Developer";
				COPY_PHASE_STRIP = NO;
				DEBUG_INFORMATION_FORMAT = dwarf;
				ENABLE_STRICT_OBJC_MSGSEND = YES;
				ENABLE_TESTABILITY = YES;
				GCC_C_LANGUAGE_STANDARD = gnu11;
				GCC_DYNAMIC_NO_PIC = NO;
				GCC_NO_COMMON_BLOCKS = YES;
				GCC_OPTIMIZATION_LEVEL = 0;
				GCC_PREPROCESSOR_DEFINITIONS = (
					"DEBUG=1",
					"$(inherited)",
				);
				GCC_WARN_64_TO_32_BIT_CONVERSION = YES;
				GCC_WARN_ABOUT_RETURN_TYPE = YES_ERROR;
				GCC_WARN_UNDECLARED_SELECTOR = YES;
				GCC_WARN_UNINITIALIZED_AUTOS = YES_AGGRESSIVE;
				GCC_WARN_UNUSED_FUNCTION = YES;
				GCC_WARN_UNUSED_VARIABLE = YES;
				IPHONEOS_DEPLOYMENT_TARGET = 12.1;
				MTL_ENABLE_DEBUG_INFO = INCLUDE_SOURCE;
				MTL_FAST_MATH = YES;
				ONLY_ACTIVE_ARCH = YES;
				SDKROOT = iphoneos;
				SWIFT_ACTIVE_COMPILATION_CONDITIONS = DEBUG;
				SWIFT_OPTIMIZATION_LEVEL = "-Onone";
			};
			name = Debug;
		};
		ADF4EBCE222E9D0800BA3091 /* Release */ = {
			isa = XCBuildConfiguration;
			buildSettings = {
				ALWAYS_SEARCH_USER_PATHS = NO;
				CLANG_ANALYZER_NONNULL = YES;
				CLANG_ANALYZER_NUMBER_OBJECT_CONVERSION = YES_AGGRESSIVE;
				CLANG_CXX_LANGUAGE_STANDARD = "gnu++14";
				CLANG_CXX_LIBRARY = "libc++";
				CLANG_ENABLE_MODULES = YES;
				CLANG_ENABLE_OBJC_ARC = YES;
				CLANG_ENABLE_OBJC_WEAK = YES;
				CLANG_WARN_BLOCK_CAPTURE_AUTORELEASING = YES;
				CLANG_WARN_BOOL_CONVERSION = YES;
				CLANG_WARN_COMMA = YES;
				CLANG_WARN_CONSTANT_CONVERSION = YES;
				CLANG_WARN_DEPRECATED_OBJC_IMPLEMENTATIONS = YES;
				CLANG_WARN_DIRECT_OBJC_ISA_USAGE = YES_ERROR;
				CLANG_WARN_DOCUMENTATION_COMMENTS = YES;
				CLANG_WARN_EMPTY_BODY = YES;
				CLANG_WARN_ENUM_CONVERSION = YES;
				CLANG_WARN_INFINITE_RECURSION = YES;
				CLANG_WARN_INT_CONVERSION = YES;
				CLANG_WARN_NON_LITERAL_NULL_CONVERSION = YES;
				CLANG_WARN_OBJC_IMPLICIT_RETAIN_SELF = YES;
				CLANG_WARN_OBJC_LITERAL_CONVERSION = YES;
				CLANG_WARN_OBJC_ROOT_CLASS = YES_ERROR;
				CLANG_WARN_RANGE_LOOP_ANALYSIS = YES;
				CLANG_WARN_STRICT_PROTOTYPES = YES;
				CLANG_WARN_SUSPICIOUS_MOVE = YES;
				CLANG_WARN_UNGUARDED_AVAILABILITY = YES_AGGRESSIVE;
				CLANG_WARN_UNREACHABLE_CODE = YES;
				CLANG_WARN__DUPLICATE_METHOD_MATCH = YES;
				CODE_SIGN_IDENTITY = "iPhone Developer";
				COPY_PHASE_STRIP = NO;
				DEBUG_INFORMATION_FORMAT = "dwarf-with-dsym";
				ENABLE_NS_ASSERTIONS = NO;
				ENABLE_STRICT_OBJC_MSGSEND = YES;
				GCC_C_LANGUAGE_STANDARD = gnu11;
				GCC_NO_COMMON_BLOCKS = YES;
				GCC_WARN_64_TO_32_BIT_CONVERSION = YES;
				GCC_WARN_ABOUT_RETURN_TYPE = YES_ERROR;
				GCC_WARN_UNDECLARED_SELECTOR = YES;
				GCC_WARN_UNINITIALIZED_AUTOS = YES_AGGRESSIVE;
				GCC_WARN_UNUSED_FUNCTION = YES;
				GCC_WARN_UNUSED_VARIABLE = YES;
				IPHONEOS_DEPLOYMENT_TARGET = 12.1;
				MTL_ENABLE_DEBUG_INFO = NO;
				MTL_FAST_MATH = YES;
				SDKROOT = iphoneos;
				SWIFT_COMPILATION_MODE = wholemodule;
				SWIFT_OPTIMIZATION_LEVEL = "-O";
				VALIDATE_PRODUCT = YES;
			};
			name = Release;
		};
		ADF4EBD0222E9D0800BA3091 /* Debug */ = {
			isa = XCBuildConfiguration;
			baseConfigurationReference = BCB2D69FE0FA1D9F46E69ADB /* Pods-iOS_Flickr_DEMO.debug.xcconfig */;
			buildSettings = {
				ASSETCATALOG_COMPILER_APPICON_NAME = AppIcon;
				CODE_SIGN_STYLE = Automatic;
				DEVELOPMENT_TEAM = 4Z392RE4UH;
				FRAMEWORK_SEARCH_PATHS = "$(inherited)";
				INFOPLIST_FILE = iOS_Flickr_DEMO/Info.plist;
				LD_RUNPATH_SEARCH_PATHS = (
					"$(inherited)",
					"@executable_path/Frameworks",
				);
				PRODUCT_BUNDLE_IDENTIFIER = "ZengSQi.iOS-Flickr-DEMO";
				PRODUCT_NAME = "$(TARGET_NAME)";
				SWIFT_VERSION = 4.2;
				TARGETED_DEVICE_FAMILY = "1,2";
			};
			name = Debug;
		};
		ADF4EBD1222E9D0800BA3091 /* Release */ = {
			isa = XCBuildConfiguration;
			baseConfigurationReference = 71AD9F8F9880379F0FB68DC5 /* Pods-iOS_Flickr_DEMO.release.xcconfig */;
			buildSettings = {
				ASSETCATALOG_COMPILER_APPICON_NAME = AppIcon;
				CODE_SIGN_STYLE = Automatic;
				DEVELOPMENT_TEAM = 4Z392RE4UH;
				FRAMEWORK_SEARCH_PATHS = "$(inherited)";
				INFOPLIST_FILE = iOS_Flickr_DEMO/Info.plist;
				LD_RUNPATH_SEARCH_PATHS = (
					"$(inherited)",
					"@executable_path/Frameworks",
				);
				PRODUCT_BUNDLE_IDENTIFIER = "ZengSQi.iOS-Flickr-DEMO";
				PRODUCT_NAME = "$(TARGET_NAME)";
				SWIFT_VERSION = 4.2;
				TARGETED_DEVICE_FAMILY = "1,2";
			};
			name = Release;
		};
/* End XCBuildConfiguration section */

/* Begin XCConfigurationList section */
		ADF4EBB8222E9D0600BA3091 /* Build configuration list for PBXProject "iOS_Flickr_DEMO" */ = {
			isa = XCConfigurationList;
			buildConfigurations = (
				ADF4EBCD222E9D0800BA3091 /* Debug */,
				ADF4EBCE222E9D0800BA3091 /* Release */,
			);
			defaultConfigurationIsVisible = 0;
			defaultConfigurationName = Release;
		};
		ADF4EBCF222E9D0800BA3091 /* Build configuration list for PBXNativeTarget "iOS_Flickr_DEMO" */ = {
			isa = XCConfigurationList;
			buildConfigurations = (
				ADF4EBD0222E9D0800BA3091 /* Debug */,
				ADF4EBD1222E9D0800BA3091 /* Release */,
			);
			defaultConfigurationIsVisible = 0;
			defaultConfigurationName = Release;
		};
/* End XCConfigurationList section */
	};
	rootObject = ADF4EBB5222E9D0600BA3091 /* Project object */;
}
